// !$*UTF8*$!
{
	archiveVersion = 1;
	classes = {
	};
	objectVersion = 46;
	objects = {

/* Begin PBXBuildFile section */
		17055B051844498300FEC81C /* Cocoa.framework in Frameworks */ = {isa = PBXBuildFile; fileRef = 17055B041844498300FEC81C /* Cocoa.framework */; };
		17055B0F1844498400FEC81C /* InfoPlist.strings in Resources */ = {isa = PBXBuildFile; fileRef = 17055B0D1844498400FEC81C /* InfoPlist.strings */; };
		17055B111844498400FEC81C /* main.m in Sources */ = {isa = PBXBuildFile; fileRef = 17055B101844498400FEC81C /* main.m */; };
		17055B151844498400FEC81C /* Credits.rtf in Resources */ = {isa = PBXBuildFile; fileRef = 17055B131844498400FEC81C /* Credits.rtf */; };
		17055B181844498400FEC81C /* AppDelegate.m in Sources */ = {isa = PBXBuildFile; fileRef = 17055B171844498400FEC81C /* AppDelegate.m */; };
		17055B1B1844498400FEC81C /* MainMenu.xib in Resources */ = {isa = PBXBuildFile; fileRef = 17055B191844498400FEC81C /* MainMenu.xib */; };
		17055B1D1844498400FEC81C /* Images.xcassets in Resources */ = {isa = PBXBuildFile; fileRef = 17055B1C1844498400FEC81C /* Images.xcassets */; };
		17055B241844498400FEC81C /* XCTest.framework in Frameworks */ = {isa = PBXBuildFile; fileRef = 17055B231844498400FEC81C /* XCTest.framework */; };
		17055B251844498400FEC81C /* Cocoa.framework in Frameworks */ = {isa = PBXBuildFile; fileRef = 17055B041844498300FEC81C /* Cocoa.framework */; };
		17055B2D1844498400FEC81C /* InfoPlist.strings in Resources */ = {isa = PBXBuildFile; fileRef = 17055B2B1844498400FEC81C /* InfoPlist.strings */; };
		17055B2F1844498400FEC81C /* ColorWithHex_MacTests.m in Sources */ = {isa = PBXBuildFile; fileRef = 17055B2E1844498400FEC81C /* ColorWithHex_MacTests.m */; };
		17055B3C184453A600FEC81C /* MasterHexViewController.m in Sources */ = {isa = PBXBuildFile; fileRef = 17055B3A184453A600FEC81C /* MasterHexViewController.m */; };
		17055B3D184453A600FEC81C /* MasterHexViewController.xib in Resources */ = {isa = PBXBuildFile; fileRef = 17055B3B184453A600FEC81C /* MasterHexViewController.xib */; };
		17055B3E1844556800FEC81C /* AVHexColor.m in Sources */ = {isa = PBXBuildFile; fileRef = 6D4E3985137CCF79008DEEFC /* AVHexColor.m */; };
		17055B4118445CF600FEC81C /* CustomView.m in Sources */ = {isa = PBXBuildFile; fileRef = 17055B4018445CF500FEC81C /* CustomView.m */; };
		17C4DB2C1804102800FE5D8E /* Default-568h@2x.png in Resources */ = {isa = PBXBuildFile; fileRef = 17C4DB2B1804102800FE5D8E /* Default-568h@2x.png */; };
		17DD30D7184395EA0022BC76 /* Images.xcassets in Resources */ = {isa = PBXBuildFile; fileRef = 17DD30D6184395EA0022BC76 /* Images.xcassets */; };
		6D4E394B137CCF59008DEEFC /* UIKit.framework in Frameworks */ = {isa = PBXBuildFile; fileRef = 6D4E394A137CCF59008DEEFC /* UIKit.framework */; };
		6D4E394D137CCF59008DEEFC /* Foundation.framework in Frameworks */ = {isa = PBXBuildFile; fileRef = 6D4E394C137CCF59008DEEFC /* Foundation.framework */; };
		6D4E394F137CCF59008DEEFC /* CoreGraphics.framework in Frameworks */ = {isa = PBXBuildFile; fileRef = 6D4E394E137CCF59008DEEFC /* CoreGraphics.framework */; };
		6D4E3955137CCF59008DEEFC /* InfoPlist.strings in Resources */ = {isa = PBXBuildFile; fileRef = 6D4E3953137CCF59008DEEFC /* InfoPlist.strings */; };
		6D4E3958137CCF59008DEEFC /* main.m in Sources */ = {isa = PBXBuildFile; fileRef = 6D4E3957137CCF59008DEEFC /* main.m */; };
		6D4E395B137CCF59008DEEFC /* ColorWithHexAppDelegate.m in Sources */ = {isa = PBXBuildFile; fileRef = 6D4E395A137CCF59008DEEFC /* ColorWithHexAppDelegate.m */; };
		6D4E395E137CCF59008DEEFC /* MainWindow.xib in Resources */ = {isa = PBXBuildFile; fileRef = 6D4E395C137CCF59008DEEFC /* MainWindow.xib */; };
		6D4E3961137CCF59008DEEFC /* ColorWithHexViewController.m in Sources */ = {isa = PBXBuildFile; fileRef = 6D4E3960137CCF59008DEEFC /* ColorWithHexViewController.m */; };
		6D4E3964137CCF59008DEEFC /* ColorWithHexViewController.xib in Resources */ = {isa = PBXBuildFile; fileRef = 6D4E3962137CCF59008DEEFC /* ColorWithHexViewController.xib */; };
		6D4E396B137CCF5A008DEEFC /* UIKit.framework in Frameworks */ = {isa = PBXBuildFile; fileRef = 6D4E394A137CCF59008DEEFC /* UIKit.framework */; };
		6D4E396C137CCF5A008DEEFC /* Foundation.framework in Frameworks */ = {isa = PBXBuildFile; fileRef = 6D4E394C137CCF59008DEEFC /* Foundation.framework */; };
		6D4E396D137CCF5A008DEEFC /* CoreGraphics.framework in Frameworks */ = {isa = PBXBuildFile; fileRef = 6D4E394E137CCF59008DEEFC /* CoreGraphics.framework */; };
		6D4E3975137CCF5A008DEEFC /* InfoPlist.strings in Resources */ = {isa = PBXBuildFile; fileRef = 6D4E3973137CCF5A008DEEFC /* InfoPlist.strings */; };
		6D4E3978137CCF5A008DEEFC /* ColorWithHexTests.h in Resources */ = {isa = PBXBuildFile; fileRef = 6D4E3977137CCF5A008DEEFC /* ColorWithHexTests.h */; };
		6D4E397A137CCF5A008DEEFC /* ColorWithHexTests.m in Sources */ = {isa = PBXBuildFile; fileRef = 6D4E3979137CCF5A008DEEFC /* ColorWithHexTests.m */; };
		6D4E3986137CCF79008DEEFC /* AVHexColor.m in Sources */ = {isa = PBXBuildFile; fileRef = 6D4E3985137CCF79008DEEFC /* AVHexColor.m */; };
/* End PBXBuildFile section */

/* Begin PBXContainerItemProxy section */
		17055B261844498400FEC81C /* PBXContainerItemProxy */ = {
			isa = PBXContainerItemProxy;
			containerPortal = 6D4E393D137CCF59008DEEFC /* Project object */;
			proxyType = 1;
			remoteGlobalIDString = 17055B021844498300FEC81C;
			remoteInfo = "ColorWithHex Mac";
		};
		6D4E396E137CCF5A008DEEFC /* PBXContainerItemProxy */ = {
			isa = PBXContainerItemProxy;
			containerPortal = 6D4E393D137CCF59008DEEFC /* Project object */;
			proxyType = 1;
			remoteGlobalIDString = 6D4E3945137CCF59008DEEFC;
			remoteInfo = ColorWithHex;
		};
/* End PBXContainerItemProxy section */

/* Begin PBXFileReference section */
		17055B031844498300FEC81C /* ColorWithHex Mac.app */ = {isa = PBXFileReference; explicitFileType = wrapper.application; includeInIndex = 0; path = "ColorWithHex Mac.app"; sourceTree = BUILT_PRODUCTS_DIR; };
		17055B041844498300FEC81C /* Cocoa.framework */ = {isa = PBXFileReference; lastKnownFileType = wrapper.framework; name = Cocoa.framework; path = Library/Frameworks/Cocoa.framework; sourceTree = DEVELOPER_DIR; };
		17055B071844498400FEC81C /* AppKit.framework */ = {isa = PBXFileReference; lastKnownFileType = wrapper.framework; name = AppKit.framework; path = Library/Frameworks/AppKit.framework; sourceTree = SDKROOT; };
		17055B081844498400FEC81C /* CoreData.framework */ = {isa = PBXFileReference; lastKnownFileType = wrapper.framework; name = CoreData.framework; path = Library/Frameworks/CoreData.framework; sourceTree = SDKROOT; };
		17055B091844498400FEC81C /* Foundation.framework */ = {isa = PBXFileReference; lastKnownFileType = wrapper.framework; name = Foundation.framework; path = Library/Frameworks/Foundation.framework; sourceTree = SDKROOT; };
		17055B0C1844498400FEC81C /* ColorWithHex Mac-Info.plist */ = {isa = PBXFileReference; lastKnownFileType = text.plist.xml; path = "ColorWithHex Mac-Info.plist"; sourceTree = "<group>"; };
		17055B0E1844498400FEC81C /* en */ = {isa = PBXFileReference; lastKnownFileType = text.plist.strings; name = en; path = en.lproj/InfoPlist.strings; sourceTree = "<group>"; };
		17055B101844498400FEC81C /* main.m */ = {isa = PBXFileReference; lastKnownFileType = sourcecode.c.objc; path = main.m; sourceTree = "<group>"; };
		17055B121844498400FEC81C /* ColorWithHex Mac-Prefix.pch */ = {isa = PBXFileReference; lastKnownFileType = sourcecode.c.h; path = "ColorWithHex Mac-Prefix.pch"; sourceTree = "<group>"; };
		17055B141844498400FEC81C /* en */ = {isa = PBXFileReference; lastKnownFileType = text.rtf; name = en; path = en.lproj/Credits.rtf; sourceTree = "<group>"; };
		17055B161844498400FEC81C /* AppDelegate.h */ = {isa = PBXFileReference; lastKnownFileType = sourcecode.c.h; path = AppDelegate.h; sourceTree = "<group>"; };
		17055B171844498400FEC81C /* AppDelegate.m */ = {isa = PBXFileReference; lastKnownFileType = sourcecode.c.objc; path = AppDelegate.m; sourceTree = "<group>"; };
		17055B1A1844498400FEC81C /* Base */ = {isa = PBXFileReference; lastKnownFileType = file.xib; name = Base; path = Base.lproj/MainMenu.xib; sourceTree = "<group>"; };
		17055B1C1844498400FEC81C /* Images.xcassets */ = {isa = PBXFileReference; lastKnownFileType = folder.assetcatalog; path = Images.xcassets; sourceTree = "<group>"; };
		17055B221844498400FEC81C /* ColorWithHex MacTests.xctest */ = {isa = PBXFileReference; explicitFileType = wrapper.cfbundle; includeInIndex = 0; path = "ColorWithHex MacTests.xctest"; sourceTree = BUILT_PRODUCTS_DIR; };
		17055B231844498400FEC81C /* XCTest.framework */ = {isa = PBXFileReference; lastKnownFileType = wrapper.framework; name = XCTest.framework; path = Library/Frameworks/XCTest.framework; sourceTree = DEVELOPER_DIR; };
		17055B2A1844498400FEC81C /* ColorWithHex MacTests-Info.plist */ = {isa = PBXFileReference; lastKnownFileType = text.plist.xml; path = "ColorWithHex MacTests-Info.plist"; sourceTree = "<group>"; };
		17055B2C1844498400FEC81C /* en */ = {isa = PBXFileReference; lastKnownFileType = text.plist.strings; name = en; path = en.lproj/InfoPlist.strings; sourceTree = "<group>"; };
		17055B2E1844498400FEC81C /* ColorWithHex_MacTests.m */ = {isa = PBXFileReference; lastKnownFileType = sourcecode.c.objc; path = ColorWithHex_MacTests.m; sourceTree = "<group>"; };
		17055B39184453A600FEC81C /* MasterHexViewController.h */ = {isa = PBXFileReference; fileEncoding = 4; lastKnownFileType = sourcecode.c.h; path = MasterHexViewController.h; sourceTree = "<group>"; };
		17055B3A184453A600FEC81C /* MasterHexViewController.m */ = {isa = PBXFileReference; fileEncoding = 4; lastKnownFileType = sourcecode.c.objc; path = MasterHexViewController.m; sourceTree = "<group>"; };
		17055B3B184453A600FEC81C /* MasterHexViewController.xib */ = {isa = PBXFileReference; fileEncoding = 4; lastKnownFileType = file.xib; path = MasterHexViewController.xib; sourceTree = "<group>"; };
		17055B3F18445CF500FEC81C /* CustomView.h */ = {isa = PBXFileReference; fileEncoding = 4; lastKnownFileType = sourcecode.c.h; path = CustomView.h; sourceTree = "<group>"; };
		17055B4018445CF500FEC81C /* CustomView.m */ = {isa = PBXFileReference; fileEncoding = 4; lastKnownFileType = sourcecode.c.objc; path = CustomView.m; sourceTree = "<group>"; };
		17C4DB2B1804102800FE5D8E /* Default-568h@2x.png */ = {isa = PBXFileReference; lastKnownFileType = image.png; path = "Default-568h@2x.png"; sourceTree = "<group>"; };
		17DD30D6184395EA0022BC76 /* Images.xcassets */ = {isa = PBXFileReference; lastKnownFileType = folder.assetcatalog; path = Images.xcassets; sourceTree = "<group>"; };
		6D4E3946137CCF59008DEEFC /* ColorWithHex.app */ = {isa = PBXFileReference; explicitFileType = wrapper.application; includeInIndex = 0; path = ColorWithHex.app; sourceTree = BUILT_PRODUCTS_DIR; };
		6D4E394A137CCF59008DEEFC /* UIKit.framework */ = {isa = PBXFileReference; lastKnownFileType = wrapper.framework; name = UIKit.framework; path = System/Library/Frameworks/UIKit.framework; sourceTree = SDKROOT; };
		6D4E394C137CCF59008DEEFC /* Foundation.framework */ = {isa = PBXFileReference; lastKnownFileType = wrapper.framework; name = Foundation.framework; path = System/Library/Frameworks/Foundation.framework; sourceTree = SDKROOT; };
		6D4E394E137CCF59008DEEFC /* CoreGraphics.framework */ = {isa = PBXFileReference; lastKnownFileType = wrapper.framework; name = CoreGraphics.framework; path = System/Library/Frameworks/CoreGraphics.framework; sourceTree = SDKROOT; };
		6D4E3952137CCF59008DEEFC /* ColorWithHex-Info.plist */ = {isa = PBXFileReference; lastKnownFileType = text.plist.xml; path = "ColorWithHex-Info.plist"; sourceTree = "<group>"; };
		6D4E3954137CCF59008DEEFC /* en */ = {isa = PBXFileReference; lastKnownFileType = text.plist.strings; name = en; path = en.lproj/InfoPlist.strings; sourceTree = "<group>"; };
		6D4E3956137CCF59008DEEFC /* ColorWithHex-Prefix.pch */ = {isa = PBXFileReference; lastKnownFileType = sourcecode.c.h; path = "ColorWithHex-Prefix.pch"; sourceTree = "<group>"; };
		6D4E3957137CCF59008DEEFC /* main.m */ = {isa = PBXFileReference; lastKnownFileType = sourcecode.c.objc; path = main.m; sourceTree = "<group>"; };
		6D4E3959137CCF59008DEEFC /* ColorWithHexAppDelegate.h */ = {isa = PBXFileReference; lastKnownFileType = sourcecode.c.h; path = ColorWithHexAppDelegate.h; sourceTree = "<group>"; };
		6D4E395A137CCF59008DEEFC /* ColorWithHexAppDelegate.m */ = {isa = PBXFileReference; lastKnownFileType = sourcecode.c.objc; path = ColorWithHexAppDelegate.m; sourceTree = "<group>"; };
		6D4E395D137CCF59008DEEFC /* en */ = {isa = PBXFileReference; lastKnownFileType = file.xib; name = en; path = en.lproj/MainWindow.xib; sourceTree = "<group>"; };
		6D4E395F137CCF59008DEEFC /* ColorWithHexViewController.h */ = {isa = PBXFileReference; lastKnownFileType = sourcecode.c.h; path = ColorWithHexViewController.h; sourceTree = "<group>"; };
		6D4E3960137CCF59008DEEFC /* ColorWithHexViewController.m */ = {isa = PBXFileReference; lastKnownFileType = sourcecode.c.objc; path = ColorWithHexViewController.m; sourceTree = "<group>"; };
		6D4E3963137CCF59008DEEFC /* en */ = {isa = PBXFileReference; lastKnownFileType = file.xib; name = en; path = en.lproj/ColorWithHexViewController.xib; sourceTree = "<group>"; };
		6D4E396A137CCF59008DEEFC /* ColorWithHexTests.octest */ = {isa = PBXFileReference; explicitFileType = wrapper.cfbundle; includeInIndex = 0; path = ColorWithHexTests.octest; sourceTree = BUILT_PRODUCTS_DIR; };
		6D4E3972137CCF5A008DEEFC /* ColorWithHexTests-Info.plist */ = {isa = PBXFileReference; lastKnownFileType = text.plist.xml; path = "ColorWithHexTests-Info.plist"; sourceTree = "<group>"; };
		6D4E3974137CCF5A008DEEFC /* en */ = {isa = PBXFileReference; lastKnownFileType = text.plist.strings; name = en; path = en.lproj/InfoPlist.strings; sourceTree = "<group>"; };
		6D4E3976137CCF5A008DEEFC /* ColorWithHexTests-Prefix.pch */ = {isa = PBXFileReference; lastKnownFileType = sourcecode.c.h; path = "ColorWithHexTests-Prefix.pch"; sourceTree = "<group>"; };
		6D4E3977137CCF5A008DEEFC /* ColorWithHexTests.h */ = {isa = PBXFileReference; lastKnownFileType = sourcecode.c.h; path = ColorWithHexTests.h; sourceTree = "<group>"; };
		6D4E3979137CCF5A008DEEFC /* ColorWithHexTests.m */ = {isa = PBXFileReference; lastKnownFileType = sourcecode.c.objc; path = ColorWithHexTests.m; sourceTree = "<group>"; };
		6D4E3984137CCF79008DEEFC /* AVHexColor.h */ = {isa = PBXFileReference; fileEncoding = 4; lastKnownFileType = sourcecode.c.h; path = AVHexColor.h; sourceTree = "<group>"; };
		6D4E3985137CCF79008DEEFC /* AVHexColor.m */ = {isa = PBXFileReference; fileEncoding = 4; lastKnownFileType = sourcecode.c.objc; path = AVHexColor.m; sourceTree = "<group>"; };
/* End PBXFileReference section */

/* Begin PBXFrameworksBuildPhase section */
		17055B001844498300FEC81C /* Frameworks */ = {
			isa = PBXFrameworksBuildPhase;
			buildActionMask = 2147483647;
			files = (
				17055B051844498300FEC81C /* Cocoa.framework in Frameworks */,
			);
			runOnlyForDeploymentPostprocessing = 0;
		};
		17055B1F1844498400FEC81C /* Frameworks */ = {
			isa = PBXFrameworksBuildPhase;
			buildActionMask = 2147483647;
			files = (
				17055B251844498400FEC81C /* Cocoa.framework in Frameworks */,
				17055B241844498400FEC81C /* XCTest.framework in Frameworks */,
			);
			runOnlyForDeploymentPostprocessing = 0;
		};
		6D4E3943137CCF59008DEEFC /* Frameworks */ = {
			isa = PBXFrameworksBuildPhase;
			buildActionMask = 2147483647;
			files = (
				6D4E394B137CCF59008DEEFC /* UIKit.framework in Frameworks */,
				6D4E394D137CCF59008DEEFC /* Foundation.framework in Frameworks */,
				6D4E394F137CCF59008DEEFC /* CoreGraphics.framework in Frameworks */,
			);
			runOnlyForDeploymentPostprocessing = 0;
		};
		6D4E3966137CCF59008DEEFC /* Frameworks */ = {
			isa = PBXFrameworksBuildPhase;
			buildActionMask = 2147483647;
			files = (
				6D4E396B137CCF5A008DEEFC /* UIKit.framework in Frameworks */,
				6D4E396C137CCF5A008DEEFC /* Foundation.framework in Frameworks */,
				6D4E396D137CCF5A008DEEFC /* CoreGraphics.framework in Frameworks */,
			);
			runOnlyForDeploymentPostprocessing = 0;
		};
/* End PBXFrameworksBuildPhase section */

/* Begin PBXGroup section */
		17055B061844498400FEC81C /* Other Frameworks */ = {
			isa = PBXGroup;
			children = (
				17055B071844498400FEC81C /* AppKit.framework */,
				17055B081844498400FEC81C /* CoreData.framework */,
				17055B091844498400FEC81C /* Foundation.framework */,
			);
			name = "Other Frameworks";
			sourceTree = "<group>";
		};
		17055B0A1844498400FEC81C /* ColorWithHex Mac */ = {
			isa = PBXGroup;
			children = (
				17055B161844498400FEC81C /* AppDelegate.h */,
				17055B171844498400FEC81C /* AppDelegate.m */,
				17055B191844498400FEC81C /* MainMenu.xib */,
				17055B39184453A600FEC81C /* MasterHexViewController.h */,
				17055B3A184453A600FEC81C /* MasterHexViewController.m */,
				17055B3B184453A600FEC81C /* MasterHexViewController.xib */,
				17055B3F18445CF500FEC81C /* CustomView.h */,
				17055B4018445CF500FEC81C /* CustomView.m */,
				17055B1C1844498400FEC81C /* Images.xcassets */,
				17055B0B1844498400FEC81C /* Supporting Files */,
			);
			path = "ColorWithHex Mac";
			sourceTree = "<group>";
		};
		17055B0B1844498400FEC81C /* Supporting Files */ = {
			isa = PBXGroup;
			children = (
				17055B0C1844498400FEC81C /* ColorWithHex Mac-Info.plist */,
				17055B0D1844498400FEC81C /* InfoPlist.strings */,
				17055B101844498400FEC81C /* main.m */,
				17055B121844498400FEC81C /* ColorWithHex Mac-Prefix.pch */,
				17055B131844498400FEC81C /* Credits.rtf */,
			);
			name = "Supporting Files";
			sourceTree = "<group>";
		};
		17055B281844498400FEC81C /* ColorWithHex MacTests */ = {
			isa = PBXGroup;
			children = (
				17055B2E1844498400FEC81C /* ColorWithHex_MacTests.m */,
				17055B291844498400FEC81C /* Supporting Files */,
			);
			path = "ColorWithHex MacTests";
			sourceTree = "<group>";
		};
		17055B291844498400FEC81C /* Supporting Files */ = {
			isa = PBXGroup;
			children = (
				17055B2A1844498400FEC81C /* ColorWithHex MacTests-Info.plist */,
				17055B2B1844498400FEC81C /* InfoPlist.strings */,
			);
			name = "Supporting Files";
			sourceTree = "<group>";
		};
		6D4E393B137CCF59008DEEFC = {
			isa = PBXGroup;
			children = (
				17C4DB2B1804102800FE5D8E /* Default-568h@2x.png */,
				6D4E3983137CCF65008DEEFC /* AVHexColor */,
				6D4E3950137CCF59008DEEFC /* ColorWithHex */,
				6D4E3970137CCF5A008DEEFC /* ColorWithHexTests */,
				17055B0A1844498400FEC81C /* ColorWithHex Mac */,
				17055B281844498400FEC81C /* ColorWithHex MacTests */,
				6D4E3949137CCF59008DEEFC /* Frameworks */,
				6D4E3947137CCF59008DEEFC /* Products */,
			);
			sourceTree = "<group>";
		};
		6D4E3947137CCF59008DEEFC /* Products */ = {
			isa = PBXGroup;
			children = (
				6D4E3946137CCF59008DEEFC /* ColorWithHex.app */,
				6D4E396A137CCF59008DEEFC /* ColorWithHexTests.octest */,
				17055B031844498300FEC81C /* ColorWithHex Mac.app */,
				17055B221844498400FEC81C /* ColorWithHex MacTests.xctest */,
			);
			name = Products;
			sourceTree = "<group>";
		};
		6D4E3949137CCF59008DEEFC /* Frameworks */ = {
			isa = PBXGroup;
			children = (
				6D4E394A137CCF59008DEEFC /* UIKit.framework */,
				6D4E394C137CCF59008DEEFC /* Foundation.framework */,
				6D4E394E137CCF59008DEEFC /* CoreGraphics.framework */,
				17055B041844498300FEC81C /* Cocoa.framework */,
				17055B231844498400FEC81C /* XCTest.framework */,
				17055B061844498400FEC81C /* Other Frameworks */,
			);
			name = Frameworks;
			sourceTree = "<group>";
		};
		6D4E3950137CCF59008DEEFC /* ColorWithHex */ = {
			isa = PBXGroup;
			children = (
				6D4E3959137CCF59008DEEFC /* ColorWithHexAppDelegate.h */,
				6D4E395A137CCF59008DEEFC /* ColorWithHexAppDelegate.m */,
				6D4E395C137CCF59008DEEFC /* MainWindow.xib */,
				6D4E395F137CCF59008DEEFC /* ColorWithHexViewController.h */,
				6D4E3960137CCF59008DEEFC /* ColorWithHexViewController.m */,
				6D4E3962137CCF59008DEEFC /* ColorWithHexViewController.xib */,
				17DD30D6184395EA0022BC76 /* Images.xcassets */,
				6D4E3951137CCF59008DEEFC /* Supporting Files */,
			);
			path = ColorWithHex;
			sourceTree = "<group>";
		};
		6D4E3951137CCF59008DEEFC /* Supporting Files */ = {
			isa = PBXGroup;
			children = (
				6D4E3952137CCF59008DEEFC /* ColorWithHex-Info.plist */,
				6D4E3953137CCF59008DEEFC /* InfoPlist.strings */,
				6D4E3956137CCF59008DEEFC /* ColorWithHex-Prefix.pch */,
				6D4E3957137CCF59008DEEFC /* main.m */,
			);
			name = "Supporting Files";
			sourceTree = "<group>";
		};
		6D4E3970137CCF5A008DEEFC /* ColorWithHexTests */ = {
			isa = PBXGroup;
			children = (
				6D4E3977137CCF5A008DEEFC /* ColorWithHexTests.h */,
				6D4E3979137CCF5A008DEEFC /* ColorWithHexTests.m */,
				6D4E3971137CCF5A008DEEFC /* Supporting Files */,
			);
			path = ColorWithHexTests;
			sourceTree = "<group>";
		};
		6D4E3971137CCF5A008DEEFC /* Supporting Files */ = {
			isa = PBXGroup;
			children = (
				6D4E3972137CCF5A008DEEFC /* ColorWithHexTests-Info.plist */,
				6D4E3973137CCF5A008DEEFC /* InfoPlist.strings */,
				6D4E3976137CCF5A008DEEFC /* ColorWithHexTests-Prefix.pch */,
			);
			name = "Supporting Files";
			sourceTree = "<group>";
		};
		6D4E3983137CCF65008DEEFC /* AVHexColor */ = {
			isa = PBXGroup;
			children = (
				6D4E3984137CCF79008DEEFC /* AVHexColor.h */,
				6D4E3985137CCF79008DEEFC /* AVHexColor.m */,
			);
			name = AVHexColor;
			sourceTree = "<group>";
		};
/* End PBXGroup section */

/* Begin PBXNativeTarget section */
		17055B021844498300FEC81C /* ColorWithHex Mac */ = {
			isa = PBXNativeTarget;
			buildConfigurationList = 17055B341844498400FEC81C /* Build configuration list for PBXNativeTarget "ColorWithHex Mac" */;
			buildPhases = (
				17055AFF1844498300FEC81C /* Sources */,
				17055B001844498300FEC81C /* Frameworks */,
				17055B011844498300FEC81C /* Resources */,
			);
			buildRules = (
			);
			dependencies = (
			);
			name = "ColorWithHex Mac";
			productName = "ColorWithHex Mac";
			productReference = 17055B031844498300FEC81C /* ColorWithHex Mac.app */;
			productType = "com.apple.product-type.application";
		};
		17055B211844498400FEC81C /* ColorWithHex MacTests */ = {
			isa = PBXNativeTarget;
			buildConfigurationList = 17055B351844498400FEC81C /* Build configuration list for PBXNativeTarget "ColorWithHex MacTests" */;
			buildPhases = (
				17055B1E1844498400FEC81C /* Sources */,
				17055B1F1844498400FEC81C /* Frameworks */,
				17055B201844498400FEC81C /* Resources */,
			);
			buildRules = (
			);
			dependencies = (
				17055B271844498400FEC81C /* PBXTargetDependency */,
			);
			name = "ColorWithHex MacTests";
			productName = "ColorWithHex MacTests";
			productReference = 17055B221844498400FEC81C /* ColorWithHex MacTests.xctest */;
			productType = "com.apple.product-type.bundle.unit-test";
		};
		6D4E3945137CCF59008DEEFC /* ColorWithHex */ = {
			isa = PBXNativeTarget;
			buildConfigurationList = 6D4E397D137CCF5A008DEEFC /* Build configuration list for PBXNativeTarget "ColorWithHex" */;
			buildPhases = (
				6D4E3942137CCF59008DEEFC /* Sources */,
				6D4E3943137CCF59008DEEFC /* Frameworks */,
				6D4E3944137CCF59008DEEFC /* Resources */,
			);
			buildRules = (
			);
			dependencies = (
			);
			name = ColorWithHex;
			productName = ColorWithHex;
			productReference = 6D4E3946137CCF59008DEEFC /* ColorWithHex.app */;
			productType = "com.apple.product-type.application";
		};
		6D4E3969137CCF59008DEEFC /* ColorWithHexTests */ = {
			isa = PBXNativeTarget;
			buildConfigurationList = 6D4E3980137CCF5A008DEEFC /* Build configuration list for PBXNativeTarget "ColorWithHexTests" */;
			buildPhases = (
				6D4E3965137CCF59008DEEFC /* Sources */,
				6D4E3966137CCF59008DEEFC /* Frameworks */,
				6D4E3967137CCF59008DEEFC /* Resources */,
				6D4E3968137CCF59008DEEFC /* ShellScript */,
			);
			buildRules = (
			);
			dependencies = (
				6D4E396F137CCF5A008DEEFC /* PBXTargetDependency */,
			);
			name = ColorWithHexTests;
			productName = ColorWithHexTests;
			productReference = 6D4E396A137CCF59008DEEFC /* ColorWithHexTests.octest */;
			productType = "com.apple.product-type.bundle";
		};
/* End PBXNativeTarget section */

/* Begin PBXProject section */
		6D4E393D137CCF59008DEEFC /* Project object */ = {
			isa = PBXProject;
			attributes = {
				LastUpgradeCheck = 0510;
				ORGANIZATIONNAME = "Studio Villegas";
				TargetAttributes = {
					17055B211844498400FEC81C = {
						TestTargetID = 17055B021844498300FEC81C;
					};
				};
			};
			buildConfigurationList = 6D4E3940137CCF59008DEEFC /* Build configuration list for PBXProject "ColorWithHex" */;
			compatibilityVersion = "Xcode 3.2";
			developmentRegion = English;
			hasScannedForEncodings = 0;
			knownRegions = (
				en,
				Base,
			);
			mainGroup = 6D4E393B137CCF59008DEEFC;
			productRefGroup = 6D4E3947137CCF59008DEEFC /* Products */;
			projectDirPath = "";
			projectRoot = "";
			targets = (
				6D4E3945137CCF59008DEEFC /* ColorWithHex */,
				6D4E3969137CCF59008DEEFC /* ColorWithHexTests */,
				17055B021844498300FEC81C /* ColorWithHex Mac */,
				17055B211844498400FEC81C /* ColorWithHex MacTests */,
			);
		};
/* End PBXProject section */

/* Begin PBXResourcesBuildPhase section */
		17055B011844498300FEC81C /* Resources */ = {
			isa = PBXResourcesBuildPhase;
			buildActionMask = 2147483647;
			files = (
				17055B0F1844498400FEC81C /* InfoPlist.strings in Resources */,
				17055B3D184453A600FEC81C /* MasterHexViewController.xib in Resources */,
				17055B1D1844498400FEC81C /* Images.xcassets in Resources */,
				17055B151844498400FEC81C /* Credits.rtf in Resources */,
				17055B1B1844498400FEC81C /* MainMenu.xib in Resources */,
			);
			runOnlyForDeploymentPostprocessing = 0;
		};
		17055B201844498400FEC81C /* Resources */ = {
			isa = PBXResourcesBuildPhase;
			buildActionMask = 2147483647;
			files = (
				17055B2D1844498400FEC81C /* InfoPlist.strings in Resources */,
			);
			runOnlyForDeploymentPostprocessing = 0;
		};
		6D4E3944137CCF59008DEEFC /* Resources */ = {
			isa = PBXResourcesBuildPhase;
			buildActionMask = 2147483647;
			files = (
				6D4E3955137CCF59008DEEFC /* InfoPlist.strings in Resources */,
				17DD30D7184395EA0022BC76 /* Images.xcassets in Resources */,
				17C4DB2C1804102800FE5D8E /* Default-568h@2x.png in Resources */,
				6D4E395E137CCF59008DEEFC /* MainWindow.xib in Resources */,
				6D4E3964137CCF59008DEEFC /* ColorWithHexViewController.xib in Resources */,
			);
			runOnlyForDeploymentPostprocessing = 0;
		};
		6D4E3967137CCF59008DEEFC /* Resources */ = {
			isa = PBXResourcesBuildPhase;
			buildActionMask = 2147483647;
			files = (
				6D4E3975137CCF5A008DEEFC /* InfoPlist.strings in Resources */,
				6D4E3978137CCF5A008DEEFC /* ColorWithHexTests.h in Resources */,
			);
			runOnlyForDeploymentPostprocessing = 0;
		};
/* End PBXResourcesBuildPhase section */

/* Begin PBXShellScriptBuildPhase section */
		6D4E3968137CCF59008DEEFC /* ShellScript */ = {
			isa = PBXShellScriptBuildPhase;
			buildActionMask = 2147483647;
			files = (
			);
			inputPaths = (
			);
			outputPaths = (
			);
			runOnlyForDeploymentPostprocessing = 0;
			shellPath = /bin/sh;
			shellScript = "# Run the unit tests in this test bundle.\n\"${SYSTEM_DEVELOPER_DIR}/Tools/RunUnitTests\"\n";
		};
/* End PBXShellScriptBuildPhase section */

/* Begin PBXSourcesBuildPhase section */
		17055AFF1844498300FEC81C /* Sources */ = {
			isa = PBXSourcesBuildPhase;
			buildActionMask = 2147483647;
			files = (
				17055B4118445CF600FEC81C /* CustomView.m in Sources */,
				17055B181844498400FEC81C /* AppDelegate.m in Sources */,
				17055B111844498400FEC81C /* main.m in Sources */,
				17055B3E1844556800FEC81C /* AVHexColor.m in Sources */,
				17055B3C184453A600FEC81C /* MasterHexViewController.m in Sources */,
			);
			runOnlyForDeploymentPostprocessing = 0;
		};
		17055B1E1844498400FEC81C /* Sources */ = {
			isa = PBXSourcesBuildPhase;
			buildActionMask = 2147483647;
			files = (
				17055B2F1844498400FEC81C /* ColorWithHex_MacTests.m in Sources */,
			);
			runOnlyForDeploymentPostprocessing = 0;
		};
		6D4E3942137CCF59008DEEFC /* Sources */ = {
			isa = PBXSourcesBuildPhase;
			buildActionMask = 2147483647;
			files = (
				6D4E3958137CCF59008DEEFC /* main.m in Sources */,
				6D4E395B137CCF59008DEEFC /* ColorWithHexAppDelegate.m in Sources */,
				6D4E3961137CCF59008DEEFC /* ColorWithHexViewController.m in Sources */,
				6D4E3986137CCF79008DEEFC /* AVHexColor.m in Sources */,
			);
			runOnlyForDeploymentPostprocessing = 0;
		};
		6D4E3965137CCF59008DEEFC /* Sources */ = {
			isa = PBXSourcesBuildPhase;
			buildActionMask = 2147483647;
			files = (
				6D4E397A137CCF5A008DEEFC /* ColorWithHexTests.m in Sources */,
			);
			runOnlyForDeploymentPostprocessing = 0;
		};
/* End PBXSourcesBuildPhase section */

/* Begin PBXTargetDependency section */
		17055B271844498400FEC81C /* PBXTargetDependency */ = {
			isa = PBXTargetDependency;
			target = 17055B021844498300FEC81C /* ColorWithHex Mac */;
			targetProxy = 17055B261844498400FEC81C /* PBXContainerItemProxy */;
		};
		6D4E396F137CCF5A008DEEFC /* PBXTargetDependency */ = {
			isa = PBXTargetDependency;
			target = 6D4E3945137CCF59008DEEFC /* ColorWithHex */;
			targetProxy = 6D4E396E137CCF5A008DEEFC /* PBXContainerItemProxy */;
		};
/* End PBXTargetDependency section */

/* Begin PBXVariantGroup section */
		17055B0D1844498400FEC81C /* InfoPlist.strings */ = {
			isa = PBXVariantGroup;
			children = (
				17055B0E1844498400FEC81C /* en */,
			);
			name = InfoPlist.strings;
			sourceTree = "<group>";
		};
		17055B131844498400FEC81C /* Credits.rtf */ = {
			isa = PBXVariantGroup;
			children = (
				17055B141844498400FEC81C /* en */,
			);
			name = Credits.rtf;
			sourceTree = "<group>";
		};
		17055B191844498400FEC81C /* MainMenu.xib */ = {
			isa = PBXVariantGroup;
			children = (
				17055B1A1844498400FEC81C /* Base */,
			);
			name = MainMenu.xib;
			sourceTree = "<group>";
		};
		17055B2B1844498400FEC81C /* InfoPlist.strings */ = {
			isa = PBXVariantGroup;
			children = (
				17055B2C1844498400FEC81C /* en */,
			);
			name = InfoPlist.strings;
			sourceTree = "<group>";
		};
		6D4E3953137CCF59008DEEFC /* InfoPlist.strings */ = {
			isa = PBXVariantGroup;
			children = (
				6D4E3954137CCF59008DEEFC /* en */,
			);
			name = InfoPlist.strings;
			sourceTree = "<group>";
		};
		6D4E395C137CCF59008DEEFC /* MainWindow.xib */ = {
			isa = PBXVariantGroup;
			children = (
				6D4E395D137CCF59008DEEFC /* en */,
			);
			name = MainWindow.xib;
			sourceTree = "<group>";
		};
		6D4E3962137CCF59008DEEFC /* ColorWithHexViewController.xib */ = {
			isa = PBXVariantGroup;
			children = (
				6D4E3963137CCF59008DEEFC /* en */,
			);
			name = ColorWithHexViewController.xib;
			sourceTree = "<group>";
		};
		6D4E3973137CCF5A008DEEFC /* InfoPlist.strings */ = {
			isa = PBXVariantGroup;
			children = (
				6D4E3974137CCF5A008DEEFC /* en */,
			);
			name = InfoPlist.strings;
			sourceTree = "<group>";
		};
/* End PBXVariantGroup section */

/* Begin XCBuildConfiguration section */
		17055B301844498400FEC81C /* Debug */ = {
			isa = XCBuildConfiguration;
			buildSettings = {
				ALWAYS_SEARCH_USER_PATHS = NO;
				ASSETCATALOG_COMPILER_APPICON_NAME = AppIcon;
				CLANG_CXX_LANGUAGE_STANDARD = "gnu++0x";
				CLANG_CXX_LIBRARY = "libc++";
				CLANG_ENABLE_OBJC_ARC = YES;
				CLANG_WARN_BOOL_CONVERSION = YES;
				CLANG_WARN_CONSTANT_CONVERSION = YES;
				CLANG_WARN_DIRECT_OBJC_ISA_USAGE = YES_ERROR;
				CLANG_WARN_EMPTY_BODY = YES;
				CLANG_WARN_ENUM_CONVERSION = YES;
				CLANG_WARN_INT_CONVERSION = YES;
				CLANG_WARN_OBJC_ROOT_CLASS = YES_ERROR;
				CLANG_WARN__DUPLICATE_METHOD_MATCH = YES;
				COMBINE_HIDPI_IMAGES = YES;
				COPY_PHASE_STRIP = NO;
				FRAMEWORK_SEARCH_PATHS = (
					"$(inherited)",
					"$(DEVELOPER_FRAMEWORKS_DIR)",
				);
				GCC_DYNAMIC_NO_PIC = NO;
				GCC_ENABLE_OBJC_EXCEPTIONS = YES;
				GCC_PRECOMPILE_PREFIX_HEADER = YES;
				GCC_PREFIX_HEADER = "ColorWithHex Mac/ColorWithHex Mac-Prefix.pch";
				GCC_PREPROCESSOR_DEFINITIONS = (
					"DEBUG=1",
					"$(inherited)",
				);
				GCC_WARN_64_TO_32_BIT_CONVERSION = YES;
				GCC_WARN_ABOUT_RETURN_TYPE = YES_ERROR;
				GCC_WARN_UNDECLARED_SELECTOR = YES;
				GCC_WARN_UNINITIALIZED_AUTOS = YES;
				GCC_WARN_UNUSED_FUNCTION = YES;
				INFOPLIST_FILE = "ColorWithHex Mac/ColorWithHex Mac-Info.plist";
				MACOSX_DEPLOYMENT_TARGET = 10.9;
				PRODUCT_NAME = "$(TARGET_NAME)";
				SDKROOT = macosx;
				WRAPPER_EXTENSION = app;
			};
			name = Debug;
		};
		17055B311844498400FEC81C /* Release */ = {
			isa = XCBuildConfiguration;
			buildSettings = {
				ALWAYS_SEARCH_USER_PATHS = NO;
				ASSETCATALOG_COMPILER_APPICON_NAME = AppIcon;
				CLANG_CXX_LANGUAGE_STANDARD = "gnu++0x";
				CLANG_CXX_LIBRARY = "libc++";
				CLANG_ENABLE_OBJC_ARC = YES;
				CLANG_WARN_BOOL_CONVERSION = YES;
				CLANG_WARN_CONSTANT_CONVERSION = YES;
				CLANG_WARN_DIRECT_OBJC_ISA_USAGE = YES_ERROR;
				CLANG_WARN_EMPTY_BODY = YES;
				CLANG_WARN_ENUM_CONVERSION = YES;
				CLANG_WARN_INT_CONVERSION = YES;
				CLANG_WARN_OBJC_ROOT_CLASS = YES_ERROR;
				CLANG_WARN__DUPLICATE_METHOD_MATCH = YES;
				COMBINE_HIDPI_IMAGES = YES;
				COPY_PHASE_STRIP = YES;
				DEBUG_INFORMATION_FORMAT = "dwarf-with-dsym";
				ENABLE_NS_ASSERTIONS = NO;
				FRAMEWORK_SEARCH_PATHS = (
					"$(inherited)",
					"$(DEVELOPER_FRAMEWORKS_DIR)",
				);
				GCC_ENABLE_OBJC_EXCEPTIONS = YES;
				GCC_PRECOMPILE_PREFIX_HEADER = YES;
				GCC_PREFIX_HEADER = "ColorWithHex Mac/ColorWithHex Mac-Prefix.pch";
				GCC_WARN_64_TO_32_BIT_CONVERSION = YES;
				GCC_WARN_ABOUT_RETURN_TYPE = YES_ERROR;
				GCC_WARN_UNDECLARED_SELECTOR = YES;
				GCC_WARN_UNINITIALIZED_AUTOS = YES;
				GCC_WARN_UNUSED_FUNCTION = YES;
				INFOPLIST_FILE = "ColorWithHex Mac/ColorWithHex Mac-Info.plist";
				MACOSX_DEPLOYMENT_TARGET = 10.9;
				PRODUCT_NAME = "$(TARGET_NAME)";
				SDKROOT = macosx;
				WRAPPER_EXTENSION = app;
			};
			name = Release;
		};
		17055B321844498400FEC81C /* Debug */ = {
			isa = XCBuildConfiguration;
			buildSettings = {
				ALWAYS_SEARCH_USER_PATHS = NO;
				BUNDLE_LOADER = "$(BUILT_PRODUCTS_DIR)/ColorWithHex Mac.app/Contents/MacOS/ColorWithHex Mac";
				CLANG_CXX_LANGUAGE_STANDARD = "gnu++0x";
				CLANG_CXX_LIBRARY = "libc++";
				CLANG_ENABLE_OBJC_ARC = YES;
				CLANG_WARN_BOOL_CONVERSION = YES;
				CLANG_WARN_CONSTANT_CONVERSION = YES;
				CLANG_WARN_DIRECT_OBJC_ISA_USAGE = YES_ERROR;
				CLANG_WARN_EMPTY_BODY = YES;
				CLANG_WARN_ENUM_CONVERSION = YES;
				CLANG_WARN_INT_CONVERSION = YES;
				CLANG_WARN_OBJC_ROOT_CLASS = YES_ERROR;
				CLANG_WARN__DUPLICATE_METHOD_MATCH = YES;
				COMBINE_HIDPI_IMAGES = YES;
				COPY_PHASE_STRIP = NO;
				FRAMEWORK_SEARCH_PATHS = (
					"$(DEVELOPER_FRAMEWORKS_DIR)",
					"$(inherited)",
				);
				GCC_DYNAMIC_NO_PIC = NO;
				GCC_ENABLE_OBJC_EXCEPTIONS = YES;
				GCC_PRECOMPILE_PREFIX_HEADER = YES;
				GCC_PREFIX_HEADER = "ColorWithHex Mac/ColorWithHex Mac-Prefix.pch";
				GCC_PREPROCESSOR_DEFINITIONS = (
					"DEBUG=1",
					"$(inherited)",
				);
				GCC_WARN_64_TO_32_BIT_CONVERSION = YES;
				GCC_WARN_ABOUT_RETURN_TYPE = YES_ERROR;
				GCC_WARN_UNDECLARED_SELECTOR = YES;
				GCC_WARN_UNINITIALIZED_AUTOS = YES;
				GCC_WARN_UNUSED_FUNCTION = YES;
				INFOPLIST_FILE = "ColorWithHex MacTests/ColorWithHex MacTests-Info.plist";
				MACOSX_DEPLOYMENT_TARGET = 10.9;
				PRODUCT_NAME = "$(TARGET_NAME)";
				SDKROOT = macosx;
				TEST_HOST = "$(BUNDLE_LOADER)";
				WRAPPER_EXTENSION = xctest;
			};
			name = Debug;
		};
		17055B331844498400FEC81C /* Release */ = {
			isa = XCBuildConfiguration;
			buildSettings = {
				ALWAYS_SEARCH_USER_PATHS = NO;
				BUNDLE_LOADER = "$(BUILT_PRODUCTS_DIR)/ColorWithHex Mac.app/Contents/MacOS/ColorWithHex Mac";
				CLANG_CXX_LANGUAGE_STANDARD = "gnu++0x";
				CLANG_CXX_LIBRARY = "libc++";
				CLANG_ENABLE_OBJC_ARC = YES;
				CLANG_WARN_BOOL_CONVERSION = YES;
				CLANG_WARN_CONSTANT_CONVERSION = YES;
				CLANG_WARN_DIRECT_OBJC_ISA_USAGE = YES_ERROR;
				CLANG_WARN_EMPTY_BODY = YES;
				CLANG_WARN_ENUM_CONVERSION = YES;
				CLANG_WARN_INT_CONVERSION = YES;
				CLANG_WARN_OBJC_ROOT_CLASS = YES_ERROR;
				CLANG_WARN__DUPLICATE_METHOD_MATCH = YES;
				COMBINE_HIDPI_IMAGES = YES;
				COPY_PHASE_STRIP = YES;
				DEBUG_INFORMATION_FORMAT = "dwarf-with-dsym";
				ENABLE_NS_ASSERTIONS = NO;
				FRAMEWORK_SEARCH_PATHS = (
					"$(DEVELOPER_FRAMEWORKS_DIR)",
					"$(inherited)",
				);
				GCC_ENABLE_OBJC_EXCEPTIONS = YES;
				GCC_PRECOMPILE_PREFIX_HEADER = YES;
				GCC_PREFIX_HEADER = "ColorWithHex Mac/ColorWithHex Mac-Prefix.pch";
				GCC_WARN_64_TO_32_BIT_CONVERSION = YES;
				GCC_WARN_ABOUT_RETURN_TYPE = YES_ERROR;
				GCC_WARN_UNDECLARED_SELECTOR = YES;
				GCC_WARN_UNINITIALIZED_AUTOS = YES;
				GCC_WARN_UNUSED_FUNCTION = YES;
				INFOPLIST_FILE = "ColorWithHex MacTests/ColorWithHex MacTests-Info.plist";
				MACOSX_DEPLOYMENT_TARGET = 10.9;
				PRODUCT_NAME = "$(TARGET_NAME)";
				SDKROOT = macosx;
				TEST_HOST = "$(BUNDLE_LOADER)";
				WRAPPER_EXTENSION = xctest;
			};
			name = Release;
		};
		6D4E397B137CCF5A008DEEFC /* Debug */ = {
			isa = XCBuildConfiguration;
			buildSettings = {
				"CODE_SIGN_IDENTITY[sdk=iphoneos*]" = "iPhone Developer";
				GCC_C_LANGUAGE_STANDARD = gnu99;
				GCC_OPTIMIZATION_LEVEL = 0;
				GCC_PREPROCESSOR_DEFINITIONS = DEBUG;
				GCC_SYMBOLS_PRIVATE_EXTERN = NO;
				GCC_VERSION = "";
				GCC_WARN_ABOUT_RETURN_TYPE = YES;
				GCC_WARN_UNUSED_VARIABLE = YES;
				IPHONEOS_DEPLOYMENT_TARGET = 5.0;
				ONLY_ACTIVE_ARCH = YES;
				SDKROOT = iphoneos;
			};
			name = Debug;
		};
		6D4E397C137CCF5A008DEEFC /* Release */ = {
			isa = XCBuildConfiguration;
			buildSettings = {
				"CODE_SIGN_IDENTITY[sdk=iphoneos*]" = "iPhone Developer";
				GCC_C_LANGUAGE_STANDARD = gnu99;
				GCC_VERSION = "";
				GCC_WARN_ABOUT_RETURN_TYPE = YES;
				GCC_WARN_UNUSED_VARIABLE = YES;
				IPHONEOS_DEPLOYMENT_TARGET = 5.0;
				OTHER_CFLAGS = "-DNS_BLOCK_ASSERTIONS=1";
				SDKROOT = iphoneos;
			};
			name = Release;
		};
		6D4E397E137CCF5A008DEEFC /* Debug */ = {
			isa = XCBuildConfiguration;
			buildSettings = {
				ALWAYS_SEARCH_USER_PATHS = NO;
				ASSETCATALOG_COMPILER_APPICON_NAME = AppIcon;
				ASSETCATALOG_COMPILER_LAUNCHIMAGE_NAME = LaunchImage;
				CLANG_ENABLE_OBJC_ARC = YES;
				COPY_PHASE_STRIP = NO;
				GCC_DYNAMIC_NO_PIC = NO;
				GCC_PRECOMPILE_PREFIX_HEADER = YES;
				GCC_PREFIX_HEADER = "ColorWithHex/ColorWithHex-Prefix.pch";
				GCC_VERSION = com.apple.compilers.llvm.clang.1_0;
				INFOPLIST_FILE = "ColorWithHex/ColorWithHex-Info.plist";
				IPHONEOS_DEPLOYMENT_TARGET = 7.1;
				LIBRARY_SEARCH_PATHS = (
					"$(inherited)",
					"\"$(SRCROOT)\"",
				);
				PRODUCT_NAME = "$(TARGET_NAME)";
				WRAPPER_EXTENSION = app;
			};
			name = Debug;
		};
		6D4E397F137CCF5A008DEEFC /* Release */ = {
			isa = XCBuildConfiguration;
			buildSettings = {
				ALWAYS_SEARCH_USER_PATHS = NO;
				ASSETCATALOG_COMPILER_APPICON_NAME = AppIcon;
				ASSETCATALOG_COMPILER_LAUNCHIMAGE_NAME = LaunchImage;
				CLANG_ENABLE_OBJC_ARC = YES;
				COPY_PHASE_STRIP = YES;
				GCC_PRECOMPILE_PREFIX_HEADER = YES;
				GCC_PREFIX_HEADER = "ColorWithHex/ColorWithHex-Prefix.pch";
				GCC_VERSION = com.apple.compilers.llvm.clang.1_0;
				INFOPLIST_FILE = "ColorWithHex/ColorWithHex-Info.plist";
				IPHONEOS_DEPLOYMENT_TARGET = 7.1;
				LIBRARY_SEARCH_PATHS = (
					"$(inherited)",
					"\"$(SRCROOT)\"",
				);
				PRODUCT_NAME = "$(TARGET_NAME)";
				VALIDATE_PRODUCT = YES;
				WRAPPER_EXTENSION = app;
			};
			name = Release;
		};
		6D4E3981137CCF5A008DEEFC /* Debug */ = {
			isa = XCBuildConfiguration;
			buildSettings = {
				ALWAYS_SEARCH_USER_PATHS = NO;
				BUNDLE_LOADER = "$(BUILT_PRODUCTS_DIR)/ColorWithHex.app/ColorWithHex";
				CLANG_ENABLE_OBJC_ARC = YES;
				FRAMEWORK_SEARCH_PATHS = (
					"$(SDKROOT)/Developer/Library/Frameworks",
					"$(DEVELOPER_LIBRARY_DIR)/Frameworks",
				);
				GCC_PRECOMPILE_PREFIX_HEADER = YES;
				GCC_PREFIX_HEADER = "ColorWithHexTests/ColorWithHexTests-Prefix.pch";
				GCC_VERSION = com.apple.compilers.llvm.clang.1_0;
				INFOPLIST_FILE = "ColorWithHexTests/ColorWithHexTests-Info.plist";
				OTHER_LDFLAGS = (
					"-framework",
					SenTestingKit,
				);
				PRODUCT_NAME = "$(TARGET_NAME)";
				TEST_HOST = "$(BUNDLE_LOADER)";
				WRAPPER_EXTENSION = octest;
			};
			name = Debug;
		};
		6D4E3982137CCF5A008DEEFC /* Release */ = {
			isa = XCBuildConfiguration;
			buildSettings = {
				ALWAYS_SEARCH_USER_PATHS = NO;
				BUNDLE_LOADER = "$(BUILT_PRODUCTS_DIR)/ColorWithHex.app/ColorWithHex";
				CLANG_ENABLE_OBJC_ARC = YES;
				FRAMEWORK_SEARCH_PATHS = (
					"$(SDKROOT)/Developer/Library/Frameworks",
					"$(DEVELOPER_LIBRARY_DIR)/Frameworks",
				);
				GCC_PRECOMPILE_PREFIX_HEADER = YES;
				GCC_PREFIX_HEADER = "ColorWithHexTests/ColorWithHexTests-Prefix.pch";
				GCC_VERSION = com.apple.compilers.llvm.clang.1_0;
				INFOPLIST_FILE = "ColorWithHexTests/ColorWithHexTests-Info.plist";
				OTHER_LDFLAGS = (
					"-framework",
					SenTestingKit,
				);
				PRODUCT_NAME = "$(TARGET_NAME)";
				TEST_HOST = "$(BUNDLE_LOADER)";
				WRAPPER_EXTENSION = octest;
			};
			name = Release;
		};
/* End XCBuildConfiguration section */

/* Begin XCConfigurationList section */
		17055B341844498400FEC81C /* Build configuration list for PBXNativeTarget "ColorWithHex Mac" */ = {
			isa = XCConfigurationList;
			buildConfigurations = (
				17055B301844498400FEC81C /* Debug */,
				17055B311844498400FEC81C /* Release */,
			);
			defaultConfigurationIsVisible = 0;
			defaultConfigurationName = Release;
		};
		17055B351844498400FEC81C /* Build configuration list for PBXNativeTarget "ColorWithHex MacTests" */ = {
			isa = XCConfigurationList;
			buildConfigurations = (
				17055B321844498400FEC81C /* Debug */,
				17055B331844498400FEC81C /* Release */,
			);
			defaultConfigurationIsVisible = 0;
			defaultConfigurationName = Release;
		};
		6D4E3940137CCF59008DEEFC /* Build configuration list for PBXProject "ColorWithHex" */ = {
			isa = XCConfigurationList;
			buildConfigurations = (
				6D4E397B137CCF5A008DEEFC /* Debug */,
				6D4E397C137CCF5A008DEEFC /* Release */,
			);
			defaultConfigurationIsVisible = 0;
			defaultConfigurationName = Release;
		};
		6D4E397D137CCF5A008DEEFC /* Build configuration list for PBXNativeTarget "ColorWithHex" */ = {
			isa = XCConfigurationList;
			buildConfigurations = (
				6D4E397E137CCF5A008DEEFC /* Debug */,
				6D4E397F137CCF5A008DEEFC /* Release */,
			);
			defaultConfigurationIsVisible = 0;
			defaultConfigurationName = Release;
		};
		6D4E3980137CCF5A008DEEFC /* Build configuration list for PBXNativeTarget "ColorWithHexTests" */ = {
			isa = XCConfigurationList;
			buildConfigurations = (
				6D4E3981137CCF5A008DEEFC /* Debug */,
				6D4E3982137CCF5A008DEEFC /* Release */,
			);
			defaultConfigurationIsVisible = 0;
			defaultConfigurationName = Release;
		};
/* End XCConfigurationList section */
	};
	rootObject = 6D4E393D137CCF59008DEEFC /* Project object */;
}
