// !$*UTF8*$!
{
	archiveVersion = 1;
	classes = {
	};
	objectVersion = 46;
	objects = {

/* Begin PBXBuildFile section */
		6D4E394B137CCF59008DEEFC /* UIKit.framework in Frameworks */ = {isa = PBXBuildFile; fileRef = 6D4E394A137CCF59008DEEFC /* UIKit.framework */; };
		6D4E394D137CCF59008DEEFC /* Foundation.framework in Frameworks */ = {isa = PBXBuildFile; fileRef = 6D4E394C137CCF59008DEEFC /* Foundation.framework */; };
		6D4E394F137CCF59008DEEFC /* CoreGraphics.framework in Frameworks */ = {isa = PBXBuildFile; fileRef = 6D4E394E137CCF59008DEEFC /* CoreGraphics.framework */; };
		6D4E3955137CCF59008DEEFC /* InfoPlist.strings in Resources */ = {isa = PBXBuildFile; fileRef = 6D4E3953137CCF59008DEEFC /* InfoPlist.strings */; };
		6D4E3958137CCF59008DEEFC /* main.m in Sources */ = {isa = PBXBuildFile; fileRef = 6D4E3957137CCF59008DEEFC /* main.m */; };
		6D4E395B137CCF59008DEEFC /* ColorWithHexAppDelegate.m in Sources */ = {isa = PBXBuildFile; fileRef = 6D4E395A137CCF59008DEEFC /* ColorWithHexAppDelegate.m */; };
		6D4E395E137CCF59008DEEFC /* MainWindow.xib in Resources */ = {isa = PBXBuildFile; fileRef = 6D4E395C137CCF59008DEEFC /* MainWindow.xib */; };
		6D4E3961137CCF59008DEEFC /* ColorWithHexViewController.m in Sources */ = {isa = PBXBuildFile; fileRef = 6D4E3960137CCF59008DEEFC /* ColorWithHexViewController.m */; };
		6D4E3964137CCF59008DEEFC /* ColorWithHexViewController.xib in Resources */ = {isa = PBXBuildFile; fileRef = 6D4E3962137CCF59008DEEFC /* ColorWithHexViewController.xib */; };
		6D4E396B137CCF5A008DEEFC /* UIKit.framework in Frameworks */ = {isa = PBXBuildFile; fileRef = 6D4E394A137CCF59008DEEFC /* UIKit.framework */; };
		6D4E396C137CCF5A008DEEFC /* Foundation.framework in Frameworks */ = {isa = PBXBuildFile; fileRef = 6D4E394C137CCF59008DEEFC /* Foundation.framework */; };
		6D4E396D137CCF5A008DEEFC /* CoreGraphics.framework in Frameworks */ = {isa = PBXBuildFile; fileRef = 6D4E394E137CCF59008DEEFC /* CoreGraphics.framework */; };
		6D4E3975137CCF5A008DEEFC /* InfoPlist.strings in Resources */ = {isa = PBXBuildFile; fileRef = 6D4E3973137CCF5A008DEEFC /* InfoPlist.strings */; };
		6D4E3978137CCF5A008DEEFC /* ColorWithHexTests.h in Resources */ = {isa = PBXBuildFile; fileRef = 6D4E3977137CCF5A008DEEFC /* ColorWithHexTests.h */; };
		6D4E397A137CCF5A008DEEFC /* ColorWithHexTests.m in Sources */ = {isa = PBXBuildFile; fileRef = 6D4E3979137CCF5A008DEEFC /* ColorWithHexTests.m */; };
		6D4E3986137CCF79008DEEFC /* UIColor+ColorWithHex.m in Sources */ = {isa = PBXBuildFile; fileRef = 6D4E3985137CCF79008DEEFC /* UIColor+ColorWithHex.m */; };
/* End PBXBuildFile section */

/* Begin PBXContainerItemProxy section */
		6D4E396E137CCF5A008DEEFC /* PBXContainerItemProxy */ = {
			isa = PBXContainerItemProxy;
			containerPortal = 6D4E393D137CCF59008DEEFC /* Project object */;
			proxyType = 1;
			remoteGlobalIDString = 6D4E3945137CCF59008DEEFC;
			remoteInfo = ColorWithHex;
		};
/* End PBXContainerItemProxy section */

/* Begin PBXFileReference section */
		6D4E3946137CCF59008DEEFC /* ColorWithHex.app */ = {isa = PBXFileReference; explicitFileType = wrapper.application; includeInIndex = 0; path = ColorWithHex.app; sourceTree = BUILT_PRODUCTS_DIR; };
		6D4E394A137CCF59008DEEFC /* UIKit.framework */ = {isa = PBXFileReference; lastKnownFileType = wrapper.framework; name = UIKit.framework; path = System/Library/Frameworks/UIKit.framework; sourceTree = SDKROOT; };
		6D4E394C137CCF59008DEEFC /* Foundation.framework */ = {isa = PBXFileReference; lastKnownFileType = wrapper.framework; name = Foundation.framework; path = System/Library/Frameworks/Foundation.framework; sourceTree = SDKROOT; };
		6D4E394E137CCF59008DEEFC /* CoreGraphics.framework */ = {isa = PBXFileReference; lastKnownFileType = wrapper.framework; name = CoreGraphics.framework; path = System/Library/Frameworks/CoreGraphics.framework; sourceTree = SDKROOT; };
		6D4E3952137CCF59008DEEFC /* ColorWithHex-Info.plist */ = {isa = PBXFileReference; lastKnownFileType = text.plist.xml; path = "ColorWithHex-Info.plist"; sourceTree = "<group>"; };
		6D4E3954137CCF59008DEEFC /* en */ = {isa = PBXFileReference; lastKnownFileType = text.plist.strings; name = en; path = en.lproj/InfoPlist.strings; sourceTree = "<group>"; };
		6D4E3956137CCF59008DEEFC /* ColorWithHex-Prefix.pch */ = {isa = PBXFileReference; lastKnownFileType = sourcecode.c.h; path = "ColorWithHex-Prefix.pch"; sourceTree = "<group>"; };
		6D4E3957137CCF59008DEEFC /* main.m */ = {isa = PBXFileReference; lastKnownFileType = sourcecode.c.objc; path = main.m; sourceTree = "<group>"; };
		6D4E3959137CCF59008DEEFC /* ColorWithHexAppDelegate.h */ = {isa = PBXFileReference; lastKnownFileType = sourcecode.c.h; path = ColorWithHexAppDelegate.h; sourceTree = "<group>"; };
		6D4E395A137CCF59008DEEFC /* ColorWithHexAppDelegate.m */ = {isa = PBXFileReference; lastKnownFileType = sourcecode.c.objc; path = ColorWithHexAppDelegate.m; sourceTree = "<group>"; };
		6D4E395D137CCF59008DEEFC /* en */ = {isa = PBXFileReference; lastKnownFileType = file.xib; name = en; path = en.lproj/MainWindow.xib; sourceTree = "<group>"; };
		6D4E395F137CCF59008DEEFC /* ColorWithHexViewController.h */ = {isa = PBXFileReference; lastKnownFileType = sourcecode.c.h; path = ColorWithHexViewController.h; sourceTree = "<group>"; };
		6D4E3960137CCF59008DEEFC /* ColorWithHexViewController.m */ = {isa = PBXFileReference; lastKnownFileType = sourcecode.c.objc; path = ColorWithHexViewController.m; sourceTree = "<group>"; };
		6D4E3963137CCF59008DEEFC /* en */ = {isa = PBXFileReference; lastKnownFileType = file.xib; name = en; path = en.lproj/ColorWithHexViewController.xib; sourceTree = "<group>"; };
		6D4E396A137CCF59008DEEFC /* ColorWithHexTests.octest */ = {isa = PBXFileReference; explicitFileType = wrapper.cfbundle; includeInIndex = 0; path = ColorWithHexTests.octest; sourceTree = BUILT_PRODUCTS_DIR; };
		6D4E3972137CCF5A008DEEFC /* ColorWithHexTests-Info.plist */ = {isa = PBXFileReference; lastKnownFileType = text.plist.xml; path = "ColorWithHexTests-Info.plist"; sourceTree = "<group>"; };
		6D4E3974137CCF5A008DEEFC /* en */ = {isa = PBXFileReference; lastKnownFileType = text.plist.strings; name = en; path = en.lproj/InfoPlist.strings; sourceTree = "<group>"; };
		6D4E3976137CCF5A008DEEFC /* ColorWithHexTests-Prefix.pch */ = {isa = PBXFileReference; lastKnownFileType = sourcecode.c.h; path = "ColorWithHexTests-Prefix.pch"; sourceTree = "<group>"; };
		6D4E3977137CCF5A008DEEFC /* ColorWithHexTests.h */ = {isa = PBXFileReference; lastKnownFileType = sourcecode.c.h; path = ColorWithHexTests.h; sourceTree = "<group>"; };
		6D4E3979137CCF5A008DEEFC /* ColorWithHexTests.m */ = {isa = PBXFileReference; lastKnownFileType = sourcecode.c.objc; path = ColorWithHexTests.m; sourceTree = "<group>"; };
		6D4E3984137CCF79008DEEFC /* UIColor+ColorWithHex.h */ = {isa = PBXFileReference; fileEncoding = 4; lastKnownFileType = sourcecode.c.h; path = "UIColor+ColorWithHex.h"; sourceTree = "<group>"; };
		6D4E3985137CCF79008DEEFC /* UIColor+ColorWithHex.m */ = {isa = PBXFileReference; fileEncoding = 4; lastKnownFileType = sourcecode.c.objc; path = "UIColor+ColorWithHex.m"; sourceTree = "<group>"; };
/* End PBXFileReference section */

/* Begin PBXFrameworksBuildPhase section */
		6D4E3943137CCF59008DEEFC /* Frameworks */ = {
			isa = PBXFrameworksBuildPhase;
			buildActionMask = 2147483647;
			files = (
				6D4E394B137CCF59008DEEFC /* UIKit.framework in Frameworks */,
				6D4E394D137CCF59008DEEFC /* Foundation.framework in Frameworks */,
				6D4E394F137CCF59008DEEFC /* CoreGraphics.framework in Frameworks */,
			);
			runOnlyForDeploymentPostprocessing = 0;
		};
		6D4E3966137CCF59008DEEFC /* Frameworks */ = {
			isa = PBXFrameworksBuildPhase;
			buildActionMask = 2147483647;
			files = (
				6D4E396B137CCF5A008DEEFC /* UIKit.framework in Frameworks */,
				6D4E396C137CCF5A008DEEFC /* Foundation.framework in Frameworks */,
				6D4E396D137CCF5A008DEEFC /* CoreGraphics.framework in Frameworks */,
			);
			runOnlyForDeploymentPostprocessing = 0;
		};
/* End PBXFrameworksBuildPhase section */

/* Begin PBXGroup section */
		6D4E393B137CCF59008DEEFC = {
			isa = PBXGroup;
			children = (
				6D4E3983137CCF65008DEEFC /* UIColor+ColorWithHex */,
				6D4E3950137CCF59008DEEFC /* ColorWithHex */,
				6D4E3970137CCF5A008DEEFC /* ColorWithHexTests */,
				6D4E3949137CCF59008DEEFC /* Frameworks */,
				6D4E3947137CCF59008DEEFC /* Products */,
			);
			sourceTree = "<group>";
		};
		6D4E3947137CCF59008DEEFC /* Products */ = {
			isa = PBXGroup;
			children = (
				6D4E3946137CCF59008DEEFC /* ColorWithHex.app */,
				6D4E396A137CCF59008DEEFC /* ColorWithHexTests.octest */,
			);
			name = Products;
			sourceTree = "<group>";
		};
		6D4E3949137CCF59008DEEFC /* Frameworks */ = {
			isa = PBXGroup;
			children = (
				6D4E394A137CCF59008DEEFC /* UIKit.framework */,
				6D4E394C137CCF59008DEEFC /* Foundation.framework */,
				6D4E394E137CCF59008DEEFC /* CoreGraphics.framework */,
			);
			name = Frameworks;
			sourceTree = "<group>";
		};
		6D4E3950137CCF59008DEEFC /* ColorWithHex */ = {
			isa = PBXGroup;
			children = (
				6D4E3959137CCF59008DEEFC /* ColorWithHexAppDelegate.h */,
				6D4E395A137CCF59008DEEFC /* ColorWithHexAppDelegate.m */,
				6D4E395C137CCF59008DEEFC /* MainWindow.xib */,
				6D4E395F137CCF59008DEEFC /* ColorWithHexViewController.h */,
				6D4E3960137CCF59008DEEFC /* ColorWithHexViewController.m */,
				6D4E3962137CCF59008DEEFC /* ColorWithHexViewController.xib */,
				6D4E3951137CCF59008DEEFC /* Supporting Files */,
			);
			path = ColorWithHex;
			sourceTree = "<group>";
		};
		6D4E3951137CCF59008DEEFC /* Supporting Files */ = {
			isa = PBXGroup;
			children = (
				6D4E3952137CCF59008DEEFC /* ColorWithHex-Info.plist */,
				6D4E3953137CCF59008DEEFC /* InfoPlist.strings */,
				6D4E3956137CCF59008DEEFC /* ColorWithHex-Prefix.pch */,
				6D4E3957137CCF59008DEEFC /* main.m */,
			);
			name = "Supporting Files";
			sourceTree = "<group>";
		};
		6D4E3970137CCF5A008DEEFC /* ColorWithHexTests */ = {
			isa = PBXGroup;
			children = (
				6D4E3977137CCF5A008DEEFC /* ColorWithHexTests.h */,
				6D4E3979137CCF5A008DEEFC /* ColorWithHexTests.m */,
				6D4E3971137CCF5A008DEEFC /* Supporting Files */,
			);
			path = ColorWithHexTests;
			sourceTree = "<group>";
		};
		6D4E3971137CCF5A008DEEFC /* Supporting Files */ = {
			isa = PBXGroup;
			children = (
				6D4E3972137CCF5A008DEEFC /* ColorWithHexTests-Info.plist */,
				6D4E3973137CCF5A008DEEFC /* InfoPlist.strings */,
				6D4E3976137CCF5A008DEEFC /* ColorWithHexTests-Prefix.pch */,
			);
			name = "Supporting Files";
			sourceTree = "<group>";
		};
		6D4E3983137CCF65008DEEFC /* UIColor+ColorWithHex */ = {
			isa = PBXGroup;
			children = (
				6D4E3984137CCF79008DEEFC /* UIColor+ColorWithHex.h */,
				6D4E3985137CCF79008DEEFC /* UIColor+ColorWithHex.m */,
			);
			name = "UIColor+ColorWithHex";
			sourceTree = "<group>";
		};
/* End PBXGroup section */

/* Begin PBXNativeTarget section */
		6D4E3945137CCF59008DEEFC /* ColorWithHex */ = {
			isa = PBXNativeTarget;
			buildConfigurationList = 6D4E397D137CCF5A008DEEFC /* Build configuration list for PBXNativeTarget "ColorWithHex" */;
			buildPhases = (
				6D4E3942137CCF59008DEEFC /* Sources */,
				6D4E3943137CCF59008DEEFC /* Frameworks */,
				6D4E3944137CCF59008DEEFC /* Resources */,
			);
			buildRules = (
			);
			dependencies = (
			);
			name = ColorWithHex;
			productName = ColorWithHex;
			productReference = 6D4E3946137CCF59008DEEFC /* ColorWithHex.app */;
			productType = "com.apple.product-type.application";
		};
		6D4E3969137CCF59008DEEFC /* ColorWithHexTests */ = {
			isa = PBXNativeTarget;
			buildConfigurationList = 6D4E3980137CCF5A008DEEFC /* Build configuration list for PBXNativeTarget "ColorWithHexTests" */;
			buildPhases = (
				6D4E3965137CCF59008DEEFC /* Sources */,
				6D4E3966137CCF59008DEEFC /* Frameworks */,
				6D4E3967137CCF59008DEEFC /* Resources */,
				6D4E3968137CCF59008DEEFC /* ShellScript */,
			);
			buildRules = (
			);
			dependencies = (
				6D4E396F137CCF5A008DEEFC /* PBXTargetDependency */,
			);
			name = ColorWithHexTests;
			productName = ColorWithHexTests;
			productReference = 6D4E396A137CCF59008DEEFC /* ColorWithHexTests.octest */;
			productType = "com.apple.product-type.bundle";
		};
/* End PBXNativeTarget section */

/* Begin PBXProject section */
		6D4E393D137CCF59008DEEFC /* Project object */ = {
			isa = PBXProject;
			attributes = {
				LastUpgradeCheck = 0450;
			};
			buildConfigurationList = 6D4E3940137CCF59008DEEFC /* Build configuration list for PBXProject "ColorWithHex" */;
			compatibilityVersion = "Xcode 3.2";
			developmentRegion = English;
			hasScannedForEncodings = 0;
			knownRegions = (
				en,
			);
			mainGroup = 6D4E393B137CCF59008DEEFC;
			productRefGroup = 6D4E3947137CCF59008DEEFC /* Products */;
			projectDirPath = "";
			projectRoot = "";
			targets = (
				6D4E3945137CCF59008DEEFC /* ColorWithHex */,
				6D4E3969137CCF59008DEEFC /* ColorWithHexTests */,
			);
		};
/* End PBXProject section */

/* Begin PBXResourcesBuildPhase section */
		6D4E3944137CCF59008DEEFC /* Resources */ = {
			isa = PBXResourcesBuildPhase;
			buildActionMask = 2147483647;
			files = (
				6D4E3955137CCF59008DEEFC /* InfoPlist.strings in Resources */,
				6D4E395E137CCF59008DEEFC /* MainWindow.xib in Resources */,
				6D4E3964137CCF59008DEEFC /* ColorWithHexViewController.xib in Resources */,
			);
			runOnlyForDeploymentPostprocessing = 0;
		};
		6D4E3967137CCF59008DEEFC /* Resources */ = {
			isa = PBXResourcesBuildPhase;
			buildActionMask = 2147483647;
			files = (
				6D4E3975137CCF5A008DEEFC /* InfoPlist.strings in Resources */,
				6D4E3978137CCF5A008DEEFC /* ColorWithHexTests.h in Resources */,
			);
			runOnlyForDeploymentPostprocessing = 0;
		};
/* End PBXResourcesBuildPhase section */

/* Begin PBXShellScriptBuildPhase section */
		6D4E3968137CCF59008DEEFC /* ShellScript */ = {
			isa = PBXShellScriptBuildPhase;
			buildActionMask = 2147483647;
			files = (
			);
			inputPaths = (
			);
			outputPaths = (
			);
			runOnlyForDeploymentPostprocessing = 0;
			shellPath = /bin/sh;
			shellScript = "# Run the unit tests in this test bundle.\n\"${SYSTEM_DEVELOPER_DIR}/Tools/RunUnitTests\"\n";
		};
/* End PBXShellScriptBuildPhase section */

/* Begin PBXSourcesBuildPhase section */
		6D4E3942137CCF59008DEEFC /* Sources */ = {
			isa = PBXSourcesBuildPhase;
			buildActionMask = 2147483647;
			files = (
				6D4E3958137CCF59008DEEFC /* main.m in Sources */,
				6D4E395B137CCF59008DEEFC /* ColorWithHexAppDelegate.m in Sources */,
				6D4E3961137CCF59008DEEFC /* ColorWithHexViewController.m in Sources */,
				6D4E3986137CCF79008DEEFC /* UIColor+ColorWithHex.m in Sources */,
			);
			runOnlyForDeploymentPostprocessing = 0;
		};
		6D4E3965137CCF59008DEEFC /* Sources */ = {
			isa = PBXSourcesBuildPhase;
			buildActionMask = 2147483647;
			files = (
				6D4E397A137CCF5A008DEEFC /* ColorWithHexTests.m in Sources */,
			);
			runOnlyForDeploymentPostprocessing = 0;
		};
/* End PBXSourcesBuildPhase section */

/* Begin PBXTargetDependency section */
		6D4E396F137CCF5A008DEEFC /* PBXTargetDependency */ = {
			isa = PBXTargetDependency;
			target = 6D4E3945137CCF59008DEEFC /* ColorWithHex */;
			targetProxy = 6D4E396E137CCF5A008DEEFC /* PBXContainerItemProxy */;
		};
/* End PBXTargetDependency section */

/* Begin PBXVariantGroup section */
		6D4E3953137CCF59008DEEFC /* InfoPlist.strings */ = {
			isa = PBXVariantGroup;
			children = (
				6D4E3954137CCF59008DEEFC /* en */,
			);
			name = InfoPlist.strings;
			sourceTree = "<group>";
		};
		6D4E395C137CCF59008DEEFC /* MainWindow.xib */ = {
			isa = PBXVariantGroup;
			children = (
				6D4E395D137CCF59008DEEFC /* en */,
			);
			name = MainWindow.xib;
			sourceTree = "<group>";
		};
		6D4E3962137CCF59008DEEFC /* ColorWithHexViewController.xib */ = {
			isa = PBXVariantGroup;
			children = (
				6D4E3963137CCF59008DEEFC /* en */,
			);
			name = ColorWithHexViewController.xib;
			sourceTree = "<group>";
		};
		6D4E3973137CCF5A008DEEFC /* InfoPlist.strings */ = {
			isa = PBXVariantGroup;
			children = (
				6D4E3974137CCF5A008DEEFC /* en */,
			);
			name = InfoPlist.strings;
			sourceTree = "<group>";
		};
/* End PBXVariantGroup section */

/* Begin XCBuildConfiguration section */
		6D4E397B137CCF5A008DEEFC /* Debug */ = {
			isa = XCBuildConfiguration;
			buildSettings = {
				ARCHS = "$(ARCHS_STANDARD_32_BIT)";
				"CODE_SIGN_IDENTITY[sdk=iphoneos*]" = "iPhone Developer";
				GCC_C_LANGUAGE_STANDARD = gnu99;
				GCC_OPTIMIZATION_LEVEL = 0;
				GCC_PREPROCESSOR_DEFINITIONS = DEBUG;
				GCC_SYMBOLS_PRIVATE_EXTERN = NO;
				GCC_VERSION = "";
				GCC_WARN_ABOUT_RETURN_TYPE = YES;
				GCC_WARN_UNUSED_VARIABLE = YES;
				IPHONEOS_DEPLOYMENT_TARGET = 4.3;
				SDKROOT = iphoneos;
			};
			name = Debug;
		};
		6D4E397C137CCF5A008DEEFC /* Release */ = {
			isa = XCBuildConfiguration;
			buildSettings = {
				ARCHS = "$(ARCHS_STANDARD_32_BIT)";
				"CODE_SIGN_IDENTITY[sdk=iphoneos*]" = "iPhone Developer";
				GCC_C_LANGUAGE_STANDARD = gnu99;
				GCC_VERSION = "";
				GCC_WARN_ABOUT_RETURN_TYPE = YES;
				GCC_WARN_UNUSED_VARIABLE = YES;
				IPHONEOS_DEPLOYMENT_TARGET = 4.3;
				OTHER_CFLAGS = "-DNS_BLOCK_ASSERTIONS=1";
				SDKROOT = iphoneos;
			};
			name = Release;
		};
		6D4E397E137CCF5A008DEEFC /* Debug */ = {
			isa = XCBuildConfiguration;
			buildSettings = {
				ALWAYS_SEARCH_USER_PATHS = NO;
				CLANG_ENABLE_OBJC_ARC = YES;
				COPY_PHASE_STRIP = NO;
				GCC_DYNAMIC_NO_PIC = NO;
				GCC_PRECOMPILE_PREFIX_HEADER = YES;
				GCC_PREFIX_HEADER = "ColorWithHex/ColorWithHex-Prefix.pch";
				GCC_VERSION = com.apple.compilers.llvm.clang.1_0;
				INFOPLIST_FILE = "ColorWithHex/ColorWithHex-Info.plist";
				LIBRARY_SEARCH_PATHS = (
					"$(inherited)",
					"\"$(SRCROOT)\"",
				);
				PRODUCT_NAME = "$(TARGET_NAME)";
				WRAPPER_EXTENSION = app;
			};
			name = Debug;
		};
		6D4E397F137CCF5A008DEEFC /* Release */ = {
			isa = XCBuildConfiguration;
			buildSettings = {
				ALWAYS_SEARCH_USER_PATHS = NO;
				CLANG_ENABLE_OBJC_ARC = YES;
				COPY_PHASE_STRIP = YES;
				GCC_PRECOMPILE_PREFIX_HEADER = YES;
				GCC_PREFIX_HEADER = "ColorWithHex/ColorWithHex-Prefix.pch";
				GCC_VERSION = com.apple.compilers.llvm.clang.1_0;
				INFOPLIST_FILE = "ColorWithHex/ColorWithHex-Info.plist";
				LIBRARY_SEARCH_PATHS = (
					"$(inherited)",
					"\"$(SRCROOT)\"",
				);
				PRODUCT_NAME = "$(TARGET_NAME)";
				VALIDATE_PRODUCT = YES;
				WRAPPER_EXTENSION = app;
			};
			name = Release;
		};
		6D4E3981137CCF5A008DEEFC /* Debug */ = {
			isa = XCBuildConfiguration;
			buildSettings = {
				ALWAYS_SEARCH_USER_PATHS = NO;
				BUNDLE_LOADER = "$(BUILT_PRODUCTS_DIR)/ColorWithHex.app/ColorWithHex";
				CLANG_ENABLE_OBJC_ARC = YES;
				FRAMEWORK_SEARCH_PATHS = (
					"$(SDKROOT)/Developer/Library/Frameworks",
					"$(DEVELOPER_LIBRARY_DIR)/Frameworks",
				);
				GCC_PRECOMPILE_PREFIX_HEADER = YES;
				GCC_PREFIX_HEADER = "ColorWithHexTests/ColorWithHexTests-Prefix.pch";
				GCC_VERSION = com.apple.compilers.llvm.clang.1_0;
				INFOPLIST_FILE = "ColorWithHexTests/ColorWithHexTests-Info.plist";
				OTHER_LDFLAGS = (
					"-framework",
					SenTestingKit,
				);
				PRODUCT_NAME = "$(TARGET_NAME)";
				TEST_HOST = "$(BUNDLE_LOADER)";
				WRAPPER_EXTENSION = octest;
			};
			name = Debug;
		};
		6D4E3982137CCF5A008DEEFC /* Release */ = {
			isa = XCBuildConfiguration;
			buildSettings = {
				ALWAYS_SEARCH_USER_PATHS = NO;
				BUNDLE_LOADER = "$(BUILT_PRODUCTS_DIR)/ColorWithHex.app/ColorWithHex";
				CLANG_ENABLE_OBJC_ARC = YES;
				FRAMEWORK_SEARCH_PATHS = (
					"$(SDKROOT)/Developer/Library/Frameworks",
					"$(DEVELOPER_LIBRARY_DIR)/Frameworks",
				);
				GCC_PRECOMPILE_PREFIX_HEADER = YES;
				GCC_PREFIX_HEADER = "ColorWithHexTests/ColorWithHexTests-Prefix.pch";
				GCC_VERSION = com.apple.compilers.llvm.clang.1_0;
				INFOPLIST_FILE = "ColorWithHexTests/ColorWithHexTests-Info.plist";
				OTHER_LDFLAGS = (
					"-framework",
					SenTestingKit,
				);
				PRODUCT_NAME = "$(TARGET_NAME)";
				TEST_HOST = "$(BUNDLE_LOADER)";
				WRAPPER_EXTENSION = octest;
			};
			name = Release;
		};
/* End XCBuildConfiguration section */

/* Begin XCConfigurationList section */
		6D4E3940137CCF59008DEEFC /* Build configuration list for PBXProject "ColorWithHex" */ = {
			isa = XCConfigurationList;
			buildConfigurations = (
				6D4E397B137CCF5A008DEEFC /* Debug */,
				6D4E397C137CCF5A008DEEFC /* Release */,
			);
			defaultConfigurationIsVisible = 0;
			defaultConfigurationName = Release;
		};
		6D4E397D137CCF5A008DEEFC /* Build configuration list for PBXNativeTarget "ColorWithHex" */ = {
			isa = XCConfigurationList;
			buildConfigurations = (
				6D4E397E137CCF5A008DEEFC /* Debug */,
				6D4E397F137CCF5A008DEEFC /* Release */,
			);
			defaultConfigurationIsVisible = 0;
			defaultConfigurationName = Release;
		};
		6D4E3980137CCF5A008DEEFC /* Build configuration list for PBXNativeTarget "ColorWithHexTests" */ = {
			isa = XCConfigurationList;
			buildConfigurations = (
				6D4E3981137CCF5A008DEEFC /* Debug */,
				6D4E3982137CCF5A008DEEFC /* Release */,
			);
			defaultConfigurationIsVisible = 0;
			defaultConfigurationName = Release;
		};
/* End XCConfigurationList section */
	};
	rootObject = 6D4E393D137CCF59008DEEFC /* Project object */;
}
